
Microsoft Visual Studio Solution File, Format Version 12.00
# Visual Studio Version 16
VisualStudioVersion = 16.0.31702.278
MinimumVisualStudioVersion = 10.0.40219.1
Project("{FAE04EC0-301F-11D3-BF4B-00C04F79EFBC}") = "FurnitureSQL", "FurnitureSQL\FurnitureSQL.csproj", "{9751A32C-8D8F-4A6C-A5C5-BF8C3F05A213}"
EndProject
Global
	GlobalSection(SolutionConfigurationPlatforms) = preSolution
		Debug|Any CPU = Debug|Any CPU
		Release|Any CPU = Release|Any CPU
	EndGlobalSection
	GlobalSection(ProjectConfigurationPlatforms) = postSolution
		{9751A32C-8D8F-4A6C-A5C5-BF8C3F05A213}.Debug|Any CPU.ActiveCfg = Debug|Any CPU
		{9751A32C-8D8F-4A6C-A5C5-BF8C3F05A213}.Debug|Any CPU.Build.0 = Debug|Any CPU
		{9751A32C-8D8F-4A6C-A5C5-BF8C3F05A213}.Release|Any CPU.ActiveCfg = Release|Any CPU
		{9751A32C-8D8F-4A6C-A5C5-BF8C3F05A213}.Release|Any CPU.Build.0 = Release|Any CPU
	EndGlobalSection
	GlobalSection(SolutionProperties) = preSolution
		HideSolutionNode = FALSE
	EndGlobalSection
	GlobalSection(ExtensibilityGlobals) = postSolution
		SolutionGuid = {650D951C-B349-45D5-BD44-1A3C83ED1D57}
	EndGlobalSection
EndGlobal
